
Microsoft Visual Studio Solution File, Format Version 12.00
# Visual Studio 15
VisualStudioVersion = 15.0.28307.168
MinimumVisualStudioVersion = 10.0.40219.1
Project("{FAE04EC0-301F-11D3-BF4B-00C04F79EFBC}") = "WebApplication1", "WebApplication1\WebApplication1.csproj", "{ABC878DF-F7B3-4E29-B9E8-C4E994F8F00F}"
EndProject
Project("{FAE04EC0-301F-11D3-BF4B-00C04F79EFBC}") = "WebApplication1.Tests", "WebApplication1.Tests\WebApplication1.Tests.csproj", "{66BC4CFE-1CB6-4391-86AF-7F3CC4C1A0C6}"
EndProject
Global
	GlobalSection(SolutionConfigurationPlatforms) = preSolution
		Debug|Any CPU = Debug|Any CPU
		Release|Any CPU = Release|Any CPU
	EndGlobalSection
	GlobalSection(ProjectConfigurationPlatforms) = postSolution
		{ABC878DF-F7B3-4E29-B9E8-C4E994F8F00F}.Debug|Any CPU.ActiveCfg = Debug|Any CPU
		{ABC878DF-F7B3-4E29-B9E8-C4E994F8F00F}.Debug|Any CPU.Build.0 = Debug|Any CPU
		{ABC878DF-F7B3-4E29-B9E8-C4E994F8F00F}.Release|Any CPU.ActiveCfg = Release|Any CPU
		{ABC878DF-F7B3-4E29-B9E8-C4E994F8F00F}.Release|Any CPU.Build.0 = Release|Any CPU
		{66BC4CFE-1CB6-4391-86AF-7F3CC4C1A0C6}.Debug|Any CPU.ActiveCfg = Debug|Any CPU
		{66BC4CFE-1CB6-4391-86AF-7F3CC4C1A0C6}.Debug|Any CPU.Build.0 = Debug|Any CPU
		{66BC4CFE-1CB6-4391-86AF-7F3CC4C1A0C6}.Release|Any CPU.ActiveCfg = Release|Any CPU
		{66BC4CFE-1CB6-4391-86AF-7F3CC4C1A0C6}.Release|Any CPU.Build.0 = Release|Any CPU
	EndGlobalSection
	GlobalSection(SolutionProperties) = preSolution
		HideSolutionNode = FALSE
	EndGlobalSection
	GlobalSection(ExtensibilityGlobals) = postSolution
		SolutionGuid = {68F080DA-E669-4AF9-BF08-D966C21C34D9}
	EndGlobalSection
EndGlobal
